// !$*UTF8*$!
{
	archiveVersion = 1;
	classes = {
	};
	objectVersion = 56;
	objects = {

/* Begin PBXBuildFile section */
		E328FC6529C9E58D00BF7571 /* NetworkService.swift in Sources */ = {isa = PBXBuildFile; fileRef = E328FC6429C9E58D00BF7571 /* NetworkService.swift */; };
		E36FB3E629C59D2F00624AC9 /* AlertModel.swift in Sources */ = {isa = PBXBuildFile; fileRef = E36FB3E429C59D2F00624AC9 /* AlertModel.swift */; };
		E36FB3E729C59D2F00624AC9 /* AlertPresenter.swift in Sources */ = {isa = PBXBuildFile; fileRef = E36FB3E529C59D2F00624AC9 /* AlertPresenter.swift */; };
		E36FB3E929C59D6400624AC9 /* IAlertPresentable.swift in Sources */ = {isa = PBXBuildFile; fileRef = E36FB3E829C59D6400624AC9 /* IAlertPresentable.swift */; };
		E3C9D29229C5941700905867 /* AppDelegate.swift in Sources */ = {isa = PBXBuildFile; fileRef = E3C9D29129C5941700905867 /* AppDelegate.swift */; };
		E3C9D29429C5941700905867 /* SceneDelegate.swift in Sources */ = {isa = PBXBuildFile; fileRef = E3C9D29329C5941700905867 /* SceneDelegate.swift */; };
		E3C9D29629C5941700905867 /* ViewController.swift in Sources */ = {isa = PBXBuildFile; fileRef = E3C9D29529C5941700905867 /* ViewController.swift */; };
		E3C9D29929C5941700905867 /* Main.storyboard in Resources */ = {isa = PBXBuildFile; fileRef = E3C9D29729C5941700905867 /* Main.storyboard */; };
		E3C9D29B29C5941800905867 /* Assets.xcassets in Resources */ = {isa = PBXBuildFile; fileRef = E3C9D29A29C5941800905867 /* Assets.xcassets */; };
		E3C9D29E29C5941800905867 /* LaunchScreen.storyboard in Resources */ = {isa = PBXBuildFile; fileRef = E3C9D29C29C5941800905867 /* LaunchScreen.storyboard */; };
/* End PBXBuildFile section */

/* Begin PBXFileReference section */
		E328FC6429C9E58D00BF7571 /* NetworkService.swift */ = {isa = PBXFileReference; lastKnownFileType = sourcecode.swift; path = NetworkService.swift; sourceTree = "<group>"; };
		E36FB3E429C59D2F00624AC9 /* AlertModel.swift */ = {isa = PBXFileReference; fileEncoding = 4; lastKnownFileType = sourcecode.swift; path = AlertModel.swift; sourceTree = "<group>"; };
		E36FB3E529C59D2F00624AC9 /* AlertPresenter.swift */ = {isa = PBXFileReference; fileEncoding = 4; lastKnownFileType = sourcecode.swift; path = AlertPresenter.swift; sourceTree = "<group>"; };
		E36FB3E829C59D6400624AC9 /* IAlertPresentable.swift */ = {isa = PBXFileReference; lastKnownFileType = sourcecode.swift; path = IAlertPresentable.swift; sourceTree = "<group>"; };
		E3C9D28E29C5941700905867 /* CurrencyCalculator.app */ = {isa = PBXFileReference; explicitFileType = wrapper.application; includeInIndex = 0; path = CurrencyCalculator.app; sourceTree = BUILT_PRODUCTS_DIR; };
		E3C9D29129C5941700905867 /* AppDelegate.swift */ = {isa = PBXFileReference; lastKnownFileType = sourcecode.swift; path = AppDelegate.swift; sourceTree = "<group>"; };
		E3C9D29329C5941700905867 /* SceneDelegate.swift */ = {isa = PBXFileReference; lastKnownFileType = sourcecode.swift; path = SceneDelegate.swift; sourceTree = "<group>"; };
		E3C9D29529C5941700905867 /* ViewController.swift */ = {isa = PBXFileReference; lastKnownFileType = sourcecode.swift; path = ViewController.swift; sourceTree = "<group>"; };
		E3C9D29829C5941700905867 /* Base */ = {isa = PBXFileReference; lastKnownFileType = file.storyboard; name = Base; path = Base.lproj/Main.storyboard; sourceTree = "<group>"; };
		E3C9D29A29C5941800905867 /* Assets.xcassets */ = {isa = PBXFileReference; lastKnownFileType = folder.assetcatalog; path = Assets.xcassets; sourceTree = "<group>"; };
		E3C9D29D29C5941800905867 /* Base */ = {isa = PBXFileReference; lastKnownFileType = file.storyboard; name = Base; path = Base.lproj/LaunchScreen.storyboard; sourceTree = "<group>"; };
		E3C9D29F29C5941800905867 /* Info.plist */ = {isa = PBXFileReference; lastKnownFileType = text.plist.xml; path = Info.plist; sourceTree = "<group>"; };
/* End PBXFileReference section */

/* Begin PBXFrameworksBuildPhase section */
		E3C9D28B29C5941700905867 /* Frameworks */ = {
			isa = PBXFrameworksBuildPhase;
			buildActionMask = 2147483647;
			files = (
			);
			runOnlyForDeploymentPostprocessing = 0;
		};
/* End PBXFrameworksBuildPhase section */

/* Begin PBXGroup section */
		E36FB3E329C59D1C00624AC9 /* AlertPresenter */ = {
			isa = PBXGroup;
			children = (
				E36FB3E429C59D2F00624AC9 /* AlertModel.swift */,
				E36FB3E829C59D6400624AC9 /* IAlertPresentable.swift */,
				E36FB3E529C59D2F00624AC9 /* AlertPresenter.swift */,
			);
			path = AlertPresenter;
			sourceTree = "<group>";
		};
		E3C9D28529C5941700905867 = {
			isa = PBXGroup;
			children = (
				E3C9D29029C5941700905867 /* CurrencyCalculator */,
				E3C9D28F29C5941700905867 /* Products */,
			);
			sourceTree = "<group>";
		};
		E3C9D28F29C5941700905867 /* Products */ = {
			isa = PBXGroup;
			children = (
				E3C9D28E29C5941700905867 /* CurrencyCalculator.app */,
			);
			name = Products;
			sourceTree = "<group>";
		};
		E3C9D29029C5941700905867 /* CurrencyCalculator */ = {
			isa = PBXGroup;
			children = (
				E3C9D29129C5941700905867 /* AppDelegate.swift */,
				E3C9D29329C5941700905867 /* SceneDelegate.swift */,
				E328FC6429C9E58D00BF7571 /* NetworkService.swift */,
				E3C9D29529C5941700905867 /* ViewController.swift */,
				E36FB3E329C59D1C00624AC9 /* AlertPresenter */,
				E3C9D29729C5941700905867 /* Main.storyboard */,
				E3C9D29A29C5941800905867 /* Assets.xcassets */,
				E3C9D29C29C5941800905867 /* LaunchScreen.storyboard */,
				E3C9D29F29C5941800905867 /* Info.plist */,
			);
			path = CurrencyCalculator;
			sourceTree = "<group>";
		};
/* End PBXGroup section */

/* Begin PBXNativeTarget section */
		E3C9D28D29C5941700905867 /* CurrencyCalculator */ = {
			isa = PBXNativeTarget;
			buildConfigurationList = E3C9D2A229C5941800905867 /* Build configuration list for PBXNativeTarget "CurrencyCalculator" */;
			buildPhases = (
				E3C9D28A29C5941700905867 /* Sources */,
				E3C9D28B29C5941700905867 /* Frameworks */,
				E3C9D28C29C5941700905867 /* Resources */,
			);
			buildRules = (
			);
			dependencies = (
			);
			name = CurrencyCalculator;
			productName = CurrencyCalculator;
			productReference = E3C9D28E29C5941700905867 /* CurrencyCalculator.app */;
			productType = "com.apple.product-type.application";
		};
/* End PBXNativeTarget section */

/* Begin PBXProject section */
		E3C9D28629C5941700905867 /* Project object */ = {
			isa = PBXProject;
			attributes = {
				BuildIndependentTargetsInParallel = 1;
				LastSwiftUpdateCheck = 1420;
				LastUpgradeCheck = 1420;
				TargetAttributes = {
					E3C9D28D29C5941700905867 = {
						CreatedOnToolsVersion = 14.2;
					};
				};
			};
			buildConfigurationList = E3C9D28929C5941700905867 /* Build configuration list for PBXProject "CurrencyCalculator" */;
			compatibilityVersion = "Xcode 14.0";
			developmentRegion = en;
			hasScannedForEncodings = 0;
			knownRegions = (
				en,
				Base,
			);
			mainGroup = E3C9D28529C5941700905867;
			productRefGroup = E3C9D28F29C5941700905867 /* Products */;
			projectDirPath = "";
			projectRoot = "";
			targets = (
				E3C9D28D29C5941700905867 /* CurrencyCalculator */,
			);
		};
/* End PBXProject section */

/* Begin PBXResourcesBuildPhase section */
		E3C9D28C29C5941700905867 /* Resources */ = {
			isa = PBXResourcesBuildPhase;
			buildActionMask = 2147483647;
			files = (
				E3C9D29E29C5941800905867 /* LaunchScreen.storyboard in Resources */,
				E3C9D29B29C5941800905867 /* Assets.xcassets in Resources */,
				E3C9D29929C5941700905867 /* Main.storyboard in Resources */,
			);
			runOnlyForDeploymentPostprocessing = 0;
		};
/* End PBXResourcesBuildPhase section */

/* Begin PBXSourcesBuildPhase section */
		E3C9D28A29C5941700905867 /* Sources */ = {
			isa = PBXSourcesBuildPhase;
			buildActionMask = 2147483647;
			files = (
				E36FB3E729C59D2F00624AC9 /* AlertPresenter.swift in Sources */,
				E36FB3E629C59D2F00624AC9 /* AlertModel.swift in Sources */,
				E36FB3E929C59D6400624AC9 /* IAlertPresentable.swift in Sources */,
				E3C9D29629C5941700905867 /* ViewController.swift in Sources */,
				E3C9D29229C5941700905867 /* AppDelegate.swift in Sources */,
				E3C9D29429C5941700905867 /* SceneDelegate.swift in Sources */,
				E328FC6529C9E58D00BF7571 /* NetworkService.swift in Sources */,
			);
			runOnlyForDeploymentPostprocessing = 0;
		};
/* End PBXSourcesBuildPhase section */

/* Begin PBXVariantGroup section */
		E3C9D29729C5941700905867 /* Main.storyboard */ = {
			isa = PBXVariantGroup;
			children = (
				E3C9D29829C5941700905867 /* Base */,
			);
			name = Main.storyboard;
			sourceTree = "<group>";
		};
		E3C9D29C29C5941800905867 /* LaunchScreen.storyboard */ = {
			isa = PBXVariantGroup;
			children = (
				E3C9D29D29C5941800905867 /* Base */,
			);
			name = LaunchScreen.storyboard;
			sourceTree = "<group>";
		};
/* End PBXVariantGroup section */

/* Begin XCBuildConfiguration section */
		E3C9D2A029C5941800905867 /* Debug */ = {
			isa = XCBuildConfiguration;
			buildSettings = {
				ALWAYS_SEARCH_USER_PATHS = NO;
				CLANG_ANALYZER_NONNULL = YES;
				CLANG_ANALYZER_NUMBER_OBJECT_CONVERSION = YES_AGGRESSIVE;
				CLANG_CXX_LANGUAGE_STANDARD = "gnu++20";
				CLANG_ENABLE_MODULES = YES;
				CLANG_ENABLE_OBJC_ARC = YES;
				CLANG_ENABLE_OBJC_WEAK = YES;
				CLANG_WARN_BLOCK_CAPTURE_AUTORELEASING = YES;
				CLANG_WARN_BOOL_CONVERSION = YES;
				CLANG_WARN_COMMA = YES;
				CLANG_WARN_CONSTANT_CONVERSION = YES;
				CLANG_WARN_DEPRECATED_OBJC_IMPLEMENTATIONS = YES;
				CLANG_WARN_DIRECT_OBJC_ISA_USAGE = YES_ERROR;
				CLANG_WARN_DOCUMENTATION_COMMENTS = YES;
				CLANG_WARN_EMPTY_BODY = YES;
				CLANG_WARN_ENUM_CONVERSION = YES;
				CLANG_WARN_INFINITE_RECURSION = YES;
				CLANG_WARN_INT_CONVERSION = YES;
				CLANG_WARN_NON_LITERAL_NULL_CONVERSION = YES;
				CLANG_WARN_OBJC_IMPLICIT_RETAIN_SELF = YES;
				CLANG_WARN_OBJC_LITERAL_CONVERSION = YES;
				CLANG_WARN_OBJC_ROOT_CLASS = YES_ERROR;
				CLANG_WARN_QUOTED_INCLUDE_IN_FRAMEWORK_HEADER = YES;
				CLANG_WARN_RANGE_LOOP_ANALYSIS = YES;
				CLANG_WARN_STRICT_PROTOTYPES = YES;
				CLANG_WARN_SUSPICIOUS_MOVE = YES;
				CLANG_WARN_UNGUARDED_AVAILABILITY = YES_AGGRESSIVE;
				CLANG_WARN_UNREACHABLE_CODE = YES;
				CLANG_WARN__DUPLICATE_METHOD_MATCH = YES;
				COPY_PHASE_STRIP = NO;
				DEBUG_INFORMATION_FORMAT = dwarf;
				ENABLE_STRICT_OBJC_MSGSEND = YES;
				ENABLE_TESTABILITY = YES;
				GCC_C_LANGUAGE_STANDARD = gnu11;
				GCC_DYNAMIC_NO_PIC = NO;
				GCC_NO_COMMON_BLOCKS = YES;
				GCC_OPTIMIZATION_LEVEL = 0;
				GCC_PREPROCESSOR_DEFINITIONS = (
					"DEBUG=1",
					"$(inherited)",
				);
				GCC_WARN_64_TO_32_BIT_CONVERSION = YES;
				GCC_WARN_ABOUT_RETURN_TYPE = YES_ERROR;
				GCC_WARN_UNDECLARED_SELECTOR = YES;
				GCC_WARN_UNINITIALIZED_AUTOS = YES_AGGRESSIVE;
				GCC_WARN_UNUSED_FUNCTION = YES;
				GCC_WARN_UNUSED_VARIABLE = YES;
				IPHONEOS_DEPLOYMENT_TARGET = 16.2;
				MTL_ENABLE_DEBUG_INFO = INCLUDE_SOURCE;
				MTL_FAST_MATH = YES;
				ONLY_ACTIVE_ARCH = YES;
				SDKROOT = iphoneos;
				SWIFT_ACTIVE_COMPILATION_CONDITIONS = DEBUG;
				SWIFT_OPTIMIZATION_LEVEL = "-Onone";
			};
			name = Debug;
		};
		E3C9D2A129C5941800905867 /* Release */ = {
			isa = XCBuildConfiguration;
			buildSettings = {
				ALWAYS_SEARCH_USER_PATHS = NO;
				CLANG_ANALYZER_NONNULL = YES;
				CLANG_ANALYZER_NUMBER_OBJECT_CONVERSION = YES_AGGRESSIVE;
				CLANG_CXX_LANGUAGE_STANDARD = "gnu++20";
				CLANG_ENABLE_MODULES = YES;
				CLANG_ENABLE_OBJC_ARC = YES;
				CLANG_ENABLE_OBJC_WEAK = YES;
				CLANG_WARN_BLOCK_CAPTURE_AUTORELEASING = YES;
				CLANG_WARN_BOOL_CONVERSION = YES;
				CLANG_WARN_COMMA = YES;
				CLANG_WARN_CONSTANT_CONVERSION = YES;
				CLANG_WARN_DEPRECATED_OBJC_IMPLEMENTATIONS = YES;
				CLANG_WARN_DIRECT_OBJC_ISA_USAGE = YES_ERROR;
				CLANG_WARN_DOCUMENTATION_COMMENTS = YES;
				CLANG_WARN_EMPTY_BODY = YES;
				CLANG_WARN_ENUM_CONVERSION = YES;
				CLANG_WARN_INFINITE_RECURSION = YES;
				CLANG_WARN_INT_CONVERSION = YES;
				CLANG_WARN_NON_LITERAL_NULL_CONVERSION = YES;
				CLANG_WARN_OBJC_IMPLICIT_RETAIN_SELF = YES;
				CLANG_WARN_OBJC_LITERAL_CONVERSION = YES;
				CLANG_WARN_OBJC_ROOT_CLASS = YES_ERROR;
				CLANG_WARN_QUOTED_INCLUDE_IN_FRAMEWORK_HEADER = YES;
				CLANG_WARN_RANGE_LOOP_ANALYSIS = YES;
				CLANG_WARN_STRICT_PROTOTYPES = YES;
				CLANG_WARN_SUSPICIOUS_MOVE = YES;
				CLANG_WARN_UNGUARDED_AVAILABILITY = YES_AGGRESSIVE;
				CLANG_WARN_UNREACHABLE_CODE = YES;
				CLANG_WARN__DUPLICATE_METHOD_MATCH = YES;
				COPY_PHASE_STRIP = NO;
				DEBUG_INFORMATION_FORMAT = "dwarf-with-dsym";
				ENABLE_NS_ASSERTIONS = NO;
				ENABLE_STRICT_OBJC_MSGSEND = YES;
				GCC_C_LANGUAGE_STANDARD = gnu11;
				GCC_NO_COMMON_BLOCKS = YES;
				GCC_WARN_64_TO_32_BIT_CONVERSION = YES;
				GCC_WARN_ABOUT_RETURN_TYPE = YES_ERROR;
				GCC_WARN_UNDECLARED_SELECTOR = YES;
				GCC_WARN_UNINITIALIZED_AUTOS = YES_AGGRESSIVE;
				GCC_WARN_UNUSED_FUNCTION = YES;
				GCC_WARN_UNUSED_VARIABLE = YES;
				IPHONEOS_DEPLOYMENT_TARGET = 16.2;
				MTL_ENABLE_DEBUG_INFO = NO;
				MTL_FAST_MATH = YES;
				SDKROOT = iphoneos;
				SWIFT_COMPILATION_MODE = wholemodule;
				SWIFT_OPTIMIZATION_LEVEL = "-O";
				VALIDATE_PRODUCT = YES;
			};
			name = Release;
		};
		E3C9D2A329C5941800905867 /* Debug */ = {
			isa = XCBuildConfiguration;
			buildSettings = {
				ASSETCATALOG_COMPILER_APPICON_NAME = AppIcon;
				ASSETCATALOG_COMPILER_GLOBAL_ACCENT_COLOR_NAME = AccentColor;
				CODE_SIGN_STYLE = Automatic;
				CURRENT_PROJECT_VERSION = 1;
				DEVELOPMENT_TEAM = "";
				GENERATE_INFOPLIST_FILE = YES;
				INFOPLIST_FILE = CurrencyCalculator/Info.plist;
				INFOPLIST_KEY_UIApplicationSupportsIndirectInputEvents = YES;
				INFOPLIST_KEY_UILaunchStoryboardName = LaunchScreen;
				INFOPLIST_KEY_UIMainStoryboardFile = Main;
				INFOPLIST_KEY_UISupportedInterfaceOrientations_iPad = "UIInterfaceOrientationPortrait UIInterfaceOrientationPortraitUpsideDown UIInterfaceOrientationLandscapeLeft UIInterfaceOrientationLandscapeRight";
				INFOPLIST_KEY_UISupportedInterfaceOrientations_iPhone = "UIInterfaceOrientationPortrait UIInterfaceOrientationLandscapeLeft UIInterfaceOrientationLandscapeRight";
				LD_RUNPATH_SEARCH_PATHS = (
					"$(inherited)",
					"@executable_path/Frameworks",
				);
				MARKETING_VERSION = 1.0;
				PRODUCT_NAME = "$(TARGET_NAME)";
				SWIFT_EMIT_LOC_STRINGS = YES;
				SWIFT_VERSION = 5.0;
				TARGETED_DEVICE_FAMILY = "1,2";
			};
			name = Debug;
		};
		E3C9D2A429C5941800905867 /* Release */ = {
			isa = XCBuildConfiguration;
			buildSettings = {
				ASSETCATALOG_COMPILER_APPICON_NAME = AppIcon;
				ASSETCATALOG_COMPILER_GLOBAL_ACCENT_COLOR_NAME = AccentColor;
				CODE_SIGN_STYLE = Automatic;
				CURRENT_PROJECT_VERSION = 1;
				DEVELOPMENT_TEAM = "";
				GENERATE_INFOPLIST_FILE = YES;
				INFOPLIST_FILE = CurrencyCalculator/Info.plist;
				INFOPLIST_KEY_UIApplicationSupportsIndirectInputEvents = YES;
				INFOPLIST_KEY_UILaunchStoryboardName = LaunchScreen;
				INFOPLIST_KEY_UIMainStoryboardFile = Main;
				INFOPLIST_KEY_UISupportedInterfaceOrientations_iPad = "UIInterfaceOrientationPortrait UIInterfaceOrientationPortraitUpsideDown UIInterfaceOrientationLandscapeLeft UIInterfaceOrientationLandscapeRight";
				INFOPLIST_KEY_UISupportedInterfaceOrientations_iPhone = "UIInterfaceOrientationPortrait UIInterfaceOrientationLandscapeLeft UIInterfaceOrientationLandscapeRight";
				LD_RUNPATH_SEARCH_PATHS = (
					"$(inherited)",
					"@executable_path/Frameworks",
				);
				MARKETING_VERSION = 1.0;
				PRODUCT_NAME = "$(TARGET_NAME)";
				SWIFT_EMIT_LOC_STRINGS = YES;
				SWIFT_VERSION = 5.0;
				TARGETED_DEVICE_FAMILY = "1,2";
			};
			name = Release;
		};
/* End XCBuildConfiguration section */

/* Begin XCConfigurationList section */
		E3C9D28929C5941700905867 /* Build configuration list for PBXProject "CurrencyCalculator" */ = {
			isa = XCConfigurationList;
			buildConfigurations = (
				E3C9D2A029C5941800905867 /* Debug */,
				E3C9D2A129C5941800905867 /* Release */,
			);
			defaultConfigurationIsVisible = 0;
			defaultConfigurationName = Release;
		};
		E3C9D2A229C5941800905867 /* Build configuration list for PBXNativeTarget "CurrencyCalculator" */ = {
			isa = XCConfigurationList;
			buildConfigurations = (
				E3C9D2A329C5941800905867 /* Debug */,
				E3C9D2A429C5941800905867 /* Release */,
			);
			defaultConfigurationIsVisible = 0;
			defaultConfigurationName = Release;
		};
/* End XCConfigurationList section */
	};
	rootObject = E3C9D28629C5941700905867 /* Project object */;
}
